<?xml version="1.0" encoding="utf-8"?>
<Project ToolsVersion="4.0" xmlns="http://schemas.microsoft.com/developer/msbuild/2003">
  <ItemGroup>
    <Filter Include="Source Files">
      <UniqueIdentifier>{4FC737F1-C7A5-4376-A066-2A32D752A2FF}</UniqueIdentifier>
      <Extensions>cpp;c;cc;cxx;c++;cppm;ixx;def;odl;idl;hpj;bat;asm;asmx</Extensions>
    </Filter>
    <Filter Include="Header Files">
      <UniqueIdentifier>{93995380-89BD-4b04-88EB-625FBE52EBFB}</UniqueIdentifier>
      <Extensions>h;hh;hpp;hxx;h++;hm;inl;inc;ipp;xsd</Extensions>
    </Filter>
    <Filter Include="Resource Files">
      <UniqueIdentifier>{67DA6AB6-F800-4c08-8B7A-83BB121AAD01}</UniqueIdentifier>
      <Extensions>rc;ico;cur;bmp;dlg;rc2;rct;bin;rgs;gif;jpg;jpeg;jpe;resx;tiff;tif;png;wav;mfcribbon-ms</Extensions>
    </Filter>
    <Filter Include="Source Files\Stats">
      <UniqueIdentifier>{f817a869-38e5-450d-b561-57689d835ea5}</UniqueIdentifier>
    </Filter>
    <Filter Include="Source Files\Stats\Damage">
      <UniqueIdentifier>{4fe453b5-4a54-499e-a665-9506e333e77d}</UniqueIdentifier>
    </Filter>
  </ItemGroup>
  <ItemGroup>
    <ClCompile Include="main.cpp">
      <Filter>Source Files</Filter>
    </ClCompile>
    <ClCompile Include="Calculator.cpp">
      <Filter>Source Files</Filter>
    </ClCompile>
    <ClCompile Include="ItemParser.cpp">
      <Filter>Source Files</Filter>
    </ClCompile>
    <ClCompile Include="Predictor.cpp">
      <Filter>Source Files</Filter>
    </ClCompile>
  </ItemGroup>
  <ItemGroup>
    <ClInclude Include="Stats\Stats.h">
      <Filter>Source Files\Stats</Filter>
    </ClInclude>
    <ClInclude Include="Stats\Attributes.h">
      <Filter>Source Files\Stats</Filter>
    </ClInclude>
    <ClInclude Include="Stats\Survivability.h">
      <Filter>Source Files\Stats</Filter>
    </ClInclude>
    <ClInclude Include="Stats\Damage\DamageBase.h">
      <Filter>Source Files\Stats\Damage</Filter>
    </ClInclude>
    <ClInclude Include="Stats\Damage\DamageElemental.h">
      <Filter>Source Files\Stats\Damage</Filter>
    </ClInclude>
    <ClInclude Include="Stats\Damage.h">
      <Filter>Source Files\Stats</Filter>
    </ClInclude>
    <ClInclude Include="Stats\Damage\DamageWeapon.h">
      <Filter>Source Files\Stats\Damage</Filter>
    </ClInclude>
    <ClInclude Include="Calculator.h">
      <Filter>Source Files</Filter>
    </ClInclude>
    <ClInclude Include="ItemParser.h">
      <Filter>Source Files</Filter>
    </ClInclude>
    <ClInclude Include="Stats\Stacks.h">
      <Filter>Source Files\Stats</Filter>
    </ClInclude>
    <ClInclude Include="Stats\Per.h">
      <Filter>Source Files\Stats</Filter>
    </ClInclude>
    <ClInclude Include="Util.h">
      <Filter>Source Files</Filter>
    </ClInclude>
    <ClInclude Include="Stats\Damage\DamageOffhand.h">
      <Filter>Source Files\Stats\Damage</Filter>
    </ClInclude>
    <ClInclude Include="Predictor.h">
      <Filter>Source Files</Filter>
    </ClInclude>
    <ClInclude Include="CardReroller.h">
      <Filter>Source Files</Filter>
    </ClInclude>
  </ItemGroup>
</Project>